
Microsoft Visual Studio Solution File, Format Version 12.00
# Visual Studio Version 17
VisualStudioVersion = 17.3.32825.248
MinimumVisualStudioVersion = 10.0.40219.1
Project("{9A19103F-16F7-4668-BE54-9A1E7A4F7556}") = "sqlite", "sqlite.csproj", "{E51306DA-7B88-40A7-9D76-73193AA81F71}"
EndProject
Global
	GlobalSection(SolutionConfigurationPlatforms) = preSolution
		Debug|Any CPU = Debug|Any CPU
		Release|Any CPU = Release|Any CPU
	EndGlobalSection
	GlobalSection(ProjectConfigurationPlatforms) = postSolution
		{E51306DA-7B88-40A7-9D76-73193AA81F71}.Debug|Any CPU.ActiveCfg = Debug|Any CPU
		{E51306DA-7B88-40A7-9D76-73193AA81F71}.Debug|Any CPU.Build.0 = Debug|Any CPU
		{E51306DA-7B88-40A7-9D76-73193AA81F71}.Release|Any CPU.ActiveCfg = Release|Any CPU
		{E51306DA-7B88-40A7-9D76-73193AA81F71}.Release|Any CPU.Build.0 = Release|Any CPU
	EndGlobalSection
	GlobalSection(SolutionProperties) = preSolution
		HideSolutionNode = FALSE
	EndGlobalSection
	GlobalSection(ExtensibilityGlobals) = postSolution
		SolutionGuid = {C9B0DE60-AD9B-4543-8A01-D0F862FF0176}
	EndGlobalSection
EndGlobal
